// !$*UTF8*$!
{
	archiveVersion = 1;
	classes = {
	};
	objectVersion = 56;
	objects = {

/* Begin PBXBuildFile section */
		8763C3F229A78DA6007A51CE /* AppDelegate.swift in Sources */ = {isa = PBXBuildFile; fileRef = 8763C3F129A78DA6007A51CE /* AppDelegate.swift */; };
		8763C3F429A78DA6007A51CE /* SceneDelegate.swift in Sources */ = {isa = PBXBuildFile; fileRef = 8763C3F329A78DA6007A51CE /* SceneDelegate.swift */; };
		8763C3F629A78DA6007A51CE /* HomeController.swift in Sources */ = {isa = PBXBuildFile; fileRef = 8763C3F529A78DA6007A51CE /* HomeController.swift */; };
		8763C3F929A78DA6007A51CE /* Main.storyboard in Resources */ = {isa = PBXBuildFile; fileRef = 8763C3F729A78DA6007A51CE /* Main.storyboard */; };
		8763C3FC29A78DA6007A51CE /* TinderClone.xcdatamodeld in Sources */ = {isa = PBXBuildFile; fileRef = 8763C3FA29A78DA6007A51CE /* TinderClone.xcdatamodeld */; };
		8763C3FE29A78DB4007A51CE /* Assets.xcassets in Resources */ = {isa = PBXBuildFile; fileRef = 8763C3FD29A78DB4007A51CE /* Assets.xcassets */; };
		8763C40129A78DB4007A51CE /* LaunchScreen.storyboard in Resources */ = {isa = PBXBuildFile; fileRef = 8763C3FF29A78DB4007A51CE /* LaunchScreen.storyboard */; };
		8763C40A29A7A7E2007A51CE /* Extensions+UIView.swift in Sources */ = {isa = PBXBuildFile; fileRef = 8763C40929A7A7E2007A51CE /* Extensions+UIView.swift */; };
		8763C40D29AAA065007A51CE /* HomeControlsStackView.swift in Sources */ = {isa = PBXBuildFile; fileRef = 8763C40C29AAA065007A51CE /* HomeControlsStackView.swift */; };
		8763C40F29AAA9DC007A51CE /* TopNavigationStackView.swift in Sources */ = {isa = PBXBuildFile; fileRef = 8763C40E29AAA9DC007A51CE /* TopNavigationStackView.swift */; };
		8763C41129AAC1A2007A51CE /* CardView.swift in Sources */ = {isa = PBXBuildFile; fileRef = 8763C41029AAC1A2007A51CE /* CardView.swift */; };
		8763C41429ABA780007A51CE /* User.swift in Sources */ = {isa = PBXBuildFile; fileRef = 8763C41329ABA780007A51CE /* User.swift */; };
		8763C41829ABB45F007A51CE /* CardViewModel.swift in Sources */ = {isa = PBXBuildFile; fileRef = 8763C41729ABB45F007A51CE /* CardViewModel.swift */; };
		8763C41A29ABC278007A51CE /* Advertiser.swift in Sources */ = {isa = PBXBuildFile; fileRef = 8763C41929ABC278007A51CE /* Advertiser.swift */; };
		8763C41C29AC0E5D007A51CE /* RegistrationController.swift in Sources */ = {isa = PBXBuildFile; fileRef = 8763C41B29AC0E5D007A51CE /* RegistrationController.swift */; };
		8763C41E29AC2BE1007A51CE /* CustomTextField.swift in Sources */ = {isa = PBXBuildFile; fileRef = 8763C41D29AC2BE0007A51CE /* CustomTextField.swift */; };
/* End PBXBuildFile section */

/* Begin PBXFileReference section */
		8763C3EE29A78DA6007A51CE /* TinderClone.app */ = {isa = PBXFileReference; explicitFileType = wrapper.application; includeInIndex = 0; path = TinderClone.app; sourceTree = BUILT_PRODUCTS_DIR; };
		8763C3F129A78DA6007A51CE /* AppDelegate.swift */ = {isa = PBXFileReference; lastKnownFileType = sourcecode.swift; path = AppDelegate.swift; sourceTree = "<group>"; };
		8763C3F329A78DA6007A51CE /* SceneDelegate.swift */ = {isa = PBXFileReference; lastKnownFileType = sourcecode.swift; path = SceneDelegate.swift; sourceTree = "<group>"; };
		8763C3F529A78DA6007A51CE /* HomeController.swift */ = {isa = PBXFileReference; lastKnownFileType = sourcecode.swift; path = HomeController.swift; sourceTree = "<group>"; };
		8763C3F829A78DA6007A51CE /* Base */ = {isa = PBXFileReference; lastKnownFileType = file.storyboard; name = Base; path = Base.lproj/Main.storyboard; sourceTree = "<group>"; };
		8763C3FB29A78DA6007A51CE /* TinderClone.xcdatamodel */ = {isa = PBXFileReference; lastKnownFileType = wrapper.xcdatamodel; path = TinderClone.xcdatamodel; sourceTree = "<group>"; };
		8763C3FD29A78DB4007A51CE /* Assets.xcassets */ = {isa = PBXFileReference; lastKnownFileType = folder.assetcatalog; path = Assets.xcassets; sourceTree = "<group>"; };
		8763C40029A78DB4007A51CE /* Base */ = {isa = PBXFileReference; lastKnownFileType = file.storyboard; name = Base; path = Base.lproj/LaunchScreen.storyboard; sourceTree = "<group>"; };
		8763C40229A78DB4007A51CE /* Info.plist */ = {isa = PBXFileReference; lastKnownFileType = text.plist.xml; path = Info.plist; sourceTree = "<group>"; };
		8763C40929A7A7E2007A51CE /* Extensions+UIView.swift */ = {isa = PBXFileReference; fileEncoding = 4; lastKnownFileType = sourcecode.swift; path = "Extensions+UIView.swift"; sourceTree = "<group>"; };
		8763C40C29AAA065007A51CE /* HomeControlsStackView.swift */ = {isa = PBXFileReference; lastKnownFileType = sourcecode.swift; path = HomeControlsStackView.swift; sourceTree = "<group>"; };
		8763C40E29AAA9DC007A51CE /* TopNavigationStackView.swift */ = {isa = PBXFileReference; lastKnownFileType = sourcecode.swift; path = TopNavigationStackView.swift; sourceTree = "<group>"; };
		8763C41029AAC1A2007A51CE /* CardView.swift */ = {isa = PBXFileReference; lastKnownFileType = sourcecode.swift; path = CardView.swift; sourceTree = "<group>"; };
		8763C41329ABA780007A51CE /* User.swift */ = {isa = PBXFileReference; lastKnownFileType = sourcecode.swift; path = User.swift; sourceTree = "<group>"; };
		8763C41729ABB45F007A51CE /* CardViewModel.swift */ = {isa = PBXFileReference; lastKnownFileType = sourcecode.swift; path = CardViewModel.swift; sourceTree = "<group>"; };
		8763C41929ABC278007A51CE /* Advertiser.swift */ = {isa = PBXFileReference; lastKnownFileType = sourcecode.swift; path = Advertiser.swift; sourceTree = "<group>"; };
		8763C41B29AC0E5D007A51CE /* RegistrationController.swift */ = {isa = PBXFileReference; lastKnownFileType = sourcecode.swift; path = RegistrationController.swift; sourceTree = "<group>"; };
		8763C41D29AC2BE0007A51CE /* CustomTextField.swift */ = {isa = PBXFileReference; lastKnownFileType = sourcecode.swift; path = CustomTextField.swift; sourceTree = "<group>"; };
/* End PBXFileReference section */

/* Begin PBXFrameworksBuildPhase section */
		8763C3EB29A78DA6007A51CE /* Frameworks */ = {
			isa = PBXFrameworksBuildPhase;
			buildActionMask = 2147483647;
			files = (
			);
			runOnlyForDeploymentPostprocessing = 0;
		};
/* End PBXFrameworksBuildPhase section */

/* Begin PBXGroup section */
		8763C3E529A78DA6007A51CE = {
			isa = PBXGroup;
			children = (
				8763C3F029A78DA6007A51CE /* TinderClone */,
				8763C3EF29A78DA6007A51CE /* Products */,
			);
			sourceTree = "<group>";
		};
		8763C3EF29A78DA6007A51CE /* Products */ = {
			isa = PBXGroup;
			children = (
				8763C3EE29A78DA6007A51CE /* TinderClone.app */,
			);
			name = Products;
			sourceTree = "<group>";
		};
		8763C3F029A78DA6007A51CE /* TinderClone */ = {
			isa = PBXGroup;
			children = (
				8763C41629ABB432007A51CE /* ViewModels */,
				8763C41229AB89DE007A51CE /* Model */,
				8763C40B29AA91B2007A51CE /* Views */,
				8763C41529ABB34B007A51CE /* Controllers */,
				8763C40829A79CF5007A51CE /* Extensions */,
				8763C3F129A78DA6007A51CE /* AppDelegate.swift */,
				8763C3F329A78DA6007A51CE /* SceneDelegate.swift */,
				8763C3F729A78DA6007A51CE /* Main.storyboard */,
				8763C3FD29A78DB4007A51CE /* Assets.xcassets */,
				8763C3FF29A78DB4007A51CE /* LaunchScreen.storyboard */,
				8763C40229A78DB4007A51CE /* Info.plist */,
				8763C3FA29A78DA6007A51CE /* TinderClone.xcdatamodeld */,
			);
			path = TinderClone;
			sourceTree = "<group>";
		};
		8763C40829A79CF5007A51CE /* Extensions */ = {
			isa = PBXGroup;
			children = (
				8763C40929A7A7E2007A51CE /* Extensions+UIView.swift */,
			);
			path = Extensions;
			sourceTree = "<group>";
		};
		8763C40B29AA91B2007A51CE /* Views */ = {
			isa = PBXGroup;
			children = (
				8763C40C29AAA065007A51CE /* HomeControlsStackView.swift */,
				8763C40E29AAA9DC007A51CE /* TopNavigationStackView.swift */,
				8763C41029AAC1A2007A51CE /* CardView.swift */,
				8763C41D29AC2BE0007A51CE /* CustomTextField.swift */,
			);
			path = Views;
			sourceTree = "<group>";
		};
		8763C41229AB89DE007A51CE /* Model */ = {
			isa = PBXGroup;
			children = (
				8763C41329ABA780007A51CE /* User.swift */,
				8763C41929ABC278007A51CE /* Advertiser.swift */,
			);
			path = Model;
			sourceTree = "<group>";
		};
		8763C41529ABB34B007A51CE /* Controllers */ = {
			isa = PBXGroup;
			children = (
				8763C3F529A78DA6007A51CE /* HomeController.swift */,
				8763C41B29AC0E5D007A51CE /* RegistrationController.swift */,
			);
			path = Controllers;
			sourceTree = "<group>";
		};
		8763C41629ABB432007A51CE /* ViewModels */ = {
			isa = PBXGroup;
			children = (
				8763C41729ABB45F007A51CE /* CardViewModel.swift */,
			);
			path = ViewModels;
			sourceTree = "<group>";
		};
/* End PBXGroup section */

/* Begin PBXNativeTarget section */
		8763C3ED29A78DA6007A51CE /* TinderClone */ = {
			isa = PBXNativeTarget;
			buildConfigurationList = 8763C40529A78DB4007A51CE /* Build configuration list for PBXNativeTarget "TinderClone" */;
			buildPhases = (
				8763C3EA29A78DA6007A51CE /* Sources */,
				8763C3EB29A78DA6007A51CE /* Frameworks */,
				8763C3EC29A78DA6007A51CE /* Resources */,
			);
			buildRules = (
			);
			dependencies = (
			);
			name = TinderClone;
			productName = TinderClone;
			productReference = 8763C3EE29A78DA6007A51CE /* TinderClone.app */;
			productType = "com.apple.product-type.application";
		};
/* End PBXNativeTarget section */

/* Begin PBXProject section */
		8763C3E629A78DA6007A51CE /* Project object */ = {
			isa = PBXProject;
			attributes = {
				BuildIndependentTargetsInParallel = 1;
				LastSwiftUpdateCheck = 1420;
				LastUpgradeCheck = 1420;
				TargetAttributes = {
					8763C3ED29A78DA6007A51CE = {
						CreatedOnToolsVersion = 14.2;
					};
				};
			};
			buildConfigurationList = 8763C3E929A78DA6007A51CE /* Build configuration list for PBXProject "TinderClone" */;
			compatibilityVersion = "Xcode 14.0";
			developmentRegion = en;
			hasScannedForEncodings = 0;
			knownRegions = (
				en,
				Base,
			);
			mainGroup = 8763C3E529A78DA6007A51CE;
			productRefGroup = 8763C3EF29A78DA6007A51CE /* Products */;
			projectDirPath = "";
			projectRoot = "";
			targets = (
				8763C3ED29A78DA6007A51CE /* TinderClone */,
			);
		};
/* End PBXProject section */

/* Begin PBXResourcesBuildPhase section */
		8763C3EC29A78DA6007A51CE /* Resources */ = {
			isa = PBXResourcesBuildPhase;
			buildActionMask = 2147483647;
			files = (
				8763C40129A78DB4007A51CE /* LaunchScreen.storyboard in Resources */,
				8763C3FE29A78DB4007A51CE /* Assets.xcassets in Resources */,
				8763C3F929A78DA6007A51CE /* Main.storyboard in Resources */,
			);
			runOnlyForDeploymentPostprocessing = 0;
		};
/* End PBXResourcesBuildPhase section */

/* Begin PBXSourcesBuildPhase section */
		8763C3EA29A78DA6007A51CE /* Sources */ = {
			isa = PBXSourcesBuildPhase;
			buildActionMask = 2147483647;
			files = (
				8763C41E29AC2BE1007A51CE /* CustomTextField.swift in Sources */,
				8763C40D29AAA065007A51CE /* HomeControlsStackView.swift in Sources */,
				8763C3F629A78DA6007A51CE /* HomeController.swift in Sources */,
				8763C41A29ABC278007A51CE /* Advertiser.swift in Sources */,
				8763C3F229A78DA6007A51CE /* AppDelegate.swift in Sources */,
				8763C40F29AAA9DC007A51CE /* TopNavigationStackView.swift in Sources */,
				8763C41829ABB45F007A51CE /* CardViewModel.swift in Sources */,
				8763C3F429A78DA6007A51CE /* SceneDelegate.swift in Sources */,
				8763C41429ABA780007A51CE /* User.swift in Sources */,
				8763C3FC29A78DA6007A51CE /* TinderClone.xcdatamodeld in Sources */,
				8763C41129AAC1A2007A51CE /* CardView.swift in Sources */,
				8763C41C29AC0E5D007A51CE /* RegistrationController.swift in Sources */,
				8763C40A29A7A7E2007A51CE /* Extensions+UIView.swift in Sources */,
			);
			runOnlyForDeploymentPostprocessing = 0;
		};
/* End PBXSourcesBuildPhase section */

/* Begin PBXVariantGroup section */
		8763C3F729A78DA6007A51CE /* Main.storyboard */ = {
			isa = PBXVariantGroup;
			children = (
				8763C3F829A78DA6007A51CE /* Base */,
			);
			name = Main.storyboard;
			sourceTree = "<group>";
		};
		8763C3FF29A78DB4007A51CE /* LaunchScreen.storyboard */ = {
			isa = PBXVariantGroup;
			children = (
				8763C40029A78DB4007A51CE /* Base */,
			);
			name = LaunchScreen.storyboard;
			sourceTree = "<group>";
		};
/* End PBXVariantGroup section */

/* Begin XCBuildConfiguration section */
		8763C40329A78DB4007A51CE /* Debug */ = {
			isa = XCBuildConfiguration;
			buildSettings = {
				ALWAYS_SEARCH_USER_PATHS = NO;
				CLANG_ANALYZER_NONNULL = YES;
				CLANG_ANALYZER_NUMBER_OBJECT_CONVERSION = YES_AGGRESSIVE;
				CLANG_CXX_LANGUAGE_STANDARD = "gnu++20";
				CLANG_ENABLE_MODULES = YES;
				CLANG_ENABLE_OBJC_ARC = YES;
				CLANG_ENABLE_OBJC_WEAK = YES;
				CLANG_WARN_BLOCK_CAPTURE_AUTORELEASING = YES;
				CLANG_WARN_BOOL_CONVERSION = YES;
				CLANG_WARN_COMMA = YES;
				CLANG_WARN_CONSTANT_CONVERSION = YES;
				CLANG_WARN_DEPRECATED_OBJC_IMPLEMENTATIONS = YES;
				CLANG_WARN_DIRECT_OBJC_ISA_USAGE = YES_ERROR;
				CLANG_WARN_DOCUMENTATION_COMMENTS = YES;
				CLANG_WARN_EMPTY_BODY = YES;
				CLANG_WARN_ENUM_CONVERSION = YES;
				CLANG_WARN_INFINITE_RECURSION = YES;
				CLANG_WARN_INT_CONVERSION = YES;
				CLANG_WARN_NON_LITERAL_NULL_CONVERSION = YES;
				CLANG_WARN_OBJC_IMPLICIT_RETAIN_SELF = YES;
				CLANG_WARN_OBJC_LITERAL_CONVERSION = YES;
				CLANG_WARN_OBJC_ROOT_CLASS = YES_ERROR;
				CLANG_WARN_QUOTED_INCLUDE_IN_FRAMEWORK_HEADER = YES;
				CLANG_WARN_RANGE_LOOP_ANALYSIS = YES;
				CLANG_WARN_STRICT_PROTOTYPES = YES;
				CLANG_WARN_SUSPICIOUS_MOVE = YES;
				CLANG_WARN_UNGUARDED_AVAILABILITY = YES_AGGRESSIVE;
				CLANG_WARN_UNREACHABLE_CODE = YES;
				CLANG_WARN__DUPLICATE_METHOD_MATCH = YES;
				COPY_PHASE_STRIP = NO;
				DEBUG_INFORMATION_FORMAT = dwarf;
				ENABLE_STRICT_OBJC_MSGSEND = YES;
				ENABLE_TESTABILITY = YES;
				GCC_C_LANGUAGE_STANDARD = gnu11;
				GCC_DYNAMIC_NO_PIC = NO;
				GCC_NO_COMMON_BLOCKS = YES;
				GCC_OPTIMIZATION_LEVEL = 0;
				GCC_PREPROCESSOR_DEFINITIONS = (
					"DEBUG=1",
					"$(inherited)",
				);
				GCC_WARN_64_TO_32_BIT_CONVERSION = YES;
				GCC_WARN_ABOUT_RETURN_TYPE = YES_ERROR;
				GCC_WARN_UNDECLARED_SELECTOR = YES;
				GCC_WARN_UNINITIALIZED_AUTOS = YES_AGGRESSIVE;
				GCC_WARN_UNUSED_FUNCTION = YES;
				GCC_WARN_UNUSED_VARIABLE = YES;
				IPHONEOS_DEPLOYMENT_TARGET = 16.2;
				MTL_ENABLE_DEBUG_INFO = INCLUDE_SOURCE;
				MTL_FAST_MATH = YES;
				ONLY_ACTIVE_ARCH = YES;
				SDKROOT = iphoneos;
				SWIFT_ACTIVE_COMPILATION_CONDITIONS = DEBUG;
				SWIFT_OPTIMIZATION_LEVEL = "-Onone";
			};
			name = Debug;
		};
		8763C40429A78DB4007A51CE /* Release */ = {
			isa = XCBuildConfiguration;
			buildSettings = {
				ALWAYS_SEARCH_USER_PATHS = NO;
				CLANG_ANALYZER_NONNULL = YES;
				CLANG_ANALYZER_NUMBER_OBJECT_CONVERSION = YES_AGGRESSIVE;
				CLANG_CXX_LANGUAGE_STANDARD = "gnu++20";
				CLANG_ENABLE_MODULES = YES;
				CLANG_ENABLE_OBJC_ARC = YES;
				CLANG_ENABLE_OBJC_WEAK = YES;
				CLANG_WARN_BLOCK_CAPTURE_AUTORELEASING = YES;
				CLANG_WARN_BOOL_CONVERSION = YES;
				CLANG_WARN_COMMA = YES;
				CLANG_WARN_CONSTANT_CONVERSION = YES;
				CLANG_WARN_DEPRECATED_OBJC_IMPLEMENTATIONS = YES;
				CLANG_WARN_DIRECT_OBJC_ISA_USAGE = YES_ERROR;
				CLANG_WARN_DOCUMENTATION_COMMENTS = YES;
				CLANG_WARN_EMPTY_BODY = YES;
				CLANG_WARN_ENUM_CONVERSION = YES;
				CLANG_WARN_INFINITE_RECURSION = YES;
				CLANG_WARN_INT_CONVERSION = YES;
				CLANG_WARN_NON_LITERAL_NULL_CONVERSION = YES;
				CLANG_WARN_OBJC_IMPLICIT_RETAIN_SELF = YES;
				CLANG_WARN_OBJC_LITERAL_CONVERSION = YES;
				CLANG_WARN_OBJC_ROOT_CLASS = YES_ERROR;
				CLANG_WARN_QUOTED_INCLUDE_IN_FRAMEWORK_HEADER = YES;
				CLANG_WARN_RANGE_LOOP_ANALYSIS = YES;
				CLANG_WARN_STRICT_PROTOTYPES = YES;
				CLANG_WARN_SUSPICIOUS_MOVE = YES;
				CLANG_WARN_UNGUARDED_AVAILABILITY = YES_AGGRESSIVE;
				CLANG_WARN_UNREACHABLE_CODE = YES;
				CLANG_WARN__DUPLICATE_METHOD_MATCH = YES;
				COPY_PHASE_STRIP = NO;
				DEBUG_INFORMATION_FORMAT = "dwarf-with-dsym";
				ENABLE_NS_ASSERTIONS = NO;
				ENABLE_STRICT_OBJC_MSGSEND = YES;
				GCC_C_LANGUAGE_STANDARD = gnu11;
				GCC_NO_COMMON_BLOCKS = YES;
				GCC_WARN_64_TO_32_BIT_CONVERSION = YES;
				GCC_WARN_ABOUT_RETURN_TYPE = YES_ERROR;
				GCC_WARN_UNDECLARED_SELECTOR = YES;
				GCC_WARN_UNINITIALIZED_AUTOS = YES_AGGRESSIVE;
				GCC_WARN_UNUSED_FUNCTION = YES;
				GCC_WARN_UNUSED_VARIABLE = YES;
				IPHONEOS_DEPLOYMENT_TARGET = 16.2;
				MTL_ENABLE_DEBUG_INFO = NO;
				MTL_FAST_MATH = YES;
				SDKROOT = iphoneos;
				SWIFT_COMPILATION_MODE = wholemodule;
				SWIFT_OPTIMIZATION_LEVEL = "-O";
				VALIDATE_PRODUCT = YES;
			};
			name = Release;
		};
		8763C40629A78DB4007A51CE /* Debug */ = {
			isa = XCBuildConfiguration;
			buildSettings = {
				ASSETCATALOG_COMPILER_APPICON_NAME = AppIcon;
				ASSETCATALOG_COMPILER_GLOBAL_ACCENT_COLOR_NAME = AccentColor;
				CODE_SIGN_STYLE = Automatic;
				CURRENT_PROJECT_VERSION = 1;
				DEVELOPMENT_TEAM = 7TD4LA7HUN;
				GENERATE_INFOPLIST_FILE = YES;
				INFOPLIST_FILE = TinderClone/Info.plist;
				INFOPLIST_KEY_UIApplicationSupportsIndirectInputEvents = YES;
				INFOPLIST_KEY_UILaunchStoryboardName = LaunchScreen;
				INFOPLIST_KEY_UIMainStoryboardFile = Main;
				INFOPLIST_KEY_UISupportedInterfaceOrientations_iPad = "UIInterfaceOrientationPortrait UIInterfaceOrientationPortraitUpsideDown UIInterfaceOrientationLandscapeLeft UIInterfaceOrientationLandscapeRight";
				INFOPLIST_KEY_UISupportedInterfaceOrientations_iPhone = "UIInterfaceOrientationPortrait UIInterfaceOrientationLandscapeLeft UIInterfaceOrientationLandscapeRight";
				LD_RUNPATH_SEARCH_PATHS = (
					"$(inherited)",
					"@executable_path/Frameworks",
				);
				MARKETING_VERSION = 1.0;
				PRODUCT_BUNDLE_IDENTIFIER = None.TinderClone;
				PRODUCT_NAME = "$(TARGET_NAME)";
				SWIFT_EMIT_LOC_STRINGS = YES;
				SWIFT_VERSION = 5.0;
				TARGETED_DEVICE_FAMILY = "1,2";
			};
			name = Debug;
		};
		8763C40729A78DB4007A51CE /* Release */ = {
			isa = XCBuildConfiguration;
			buildSettings = {
				ASSETCATALOG_COMPILER_APPICON_NAME = AppIcon;
				ASSETCATALOG_COMPILER_GLOBAL_ACCENT_COLOR_NAME = AccentColor;
				CODE_SIGN_STYLE = Automatic;
				CURRENT_PROJECT_VERSION = 1;
				DEVELOPMENT_TEAM = 7TD4LA7HUN;
				GENERATE_INFOPLIST_FILE = YES;
				INFOPLIST_FILE = TinderClone/Info.plist;
				INFOPLIST_KEY_UIApplicationSupportsIndirectInputEvents = YES;
				INFOPLIST_KEY_UILaunchStoryboardName = LaunchScreen;
				INFOPLIST_KEY_UIMainStoryboardFile = Main;
				INFOPLIST_KEY_UISupportedInterfaceOrientations_iPad = "UIInterfaceOrientationPortrait UIInterfaceOrientationPortraitUpsideDown UIInterfaceOrientationLandscapeLeft UIInterfaceOrientationLandscapeRight";
				INFOPLIST_KEY_UISupportedInterfaceOrientations_iPhone = "UIInterfaceOrientationPortrait UIInterfaceOrientationLandscapeLeft UIInterfaceOrientationLandscapeRight";
				LD_RUNPATH_SEARCH_PATHS = (
					"$(inherited)",
					"@executable_path/Frameworks",
				);
				MARKETING_VERSION = 1.0;
				PRODUCT_BUNDLE_IDENTIFIER = None.TinderClone;
				PRODUCT_NAME = "$(TARGET_NAME)";
				SWIFT_EMIT_LOC_STRINGS = YES;
				SWIFT_VERSION = 5.0;
				TARGETED_DEVICE_FAMILY = "1,2";
			};
			name = Release;
		};
/* End XCBuildConfiguration section */

/* Begin XCConfigurationList section */
		8763C3E929A78DA6007A51CE /* Build configuration list for PBXProject "TinderClone" */ = {
			isa = XCConfigurationList;
			buildConfigurations = (
				8763C40329A78DB4007A51CE /* Debug */,
				8763C40429A78DB4007A51CE /* Release */,
			);
			defaultConfigurationIsVisible = 0;
			defaultConfigurationName = Release;
		};
		8763C40529A78DB4007A51CE /* Build configuration list for PBXNativeTarget "TinderClone" */ = {
			isa = XCConfigurationList;
			buildConfigurations = (
				8763C40629A78DB4007A51CE /* Debug */,
				8763C40729A78DB4007A51CE /* Release */,
			);
			defaultConfigurationIsVisible = 0;
			defaultConfigurationName = Release;
		};
/* End XCConfigurationList section */

/* Begin XCVersionGroup section */
		8763C3FA29A78DA6007A51CE /* TinderClone.xcdatamodeld */ = {
			isa = XCVersionGroup;
			children = (
				8763C3FB29A78DA6007A51CE /* TinderClone.xcdatamodel */,
			);
			currentVersion = 8763C3FB29A78DA6007A51CE /* TinderClone.xcdatamodel */;
			path = TinderClone.xcdatamodeld;
			sourceTree = "<group>";
			versionGroupType = wrapper.xcdatamodel;
		};
/* End XCVersionGroup section */
	};
	rootObject = 8763C3E629A78DA6007A51CE /* Project object */;
}
